// !$*UTF8*$!
{
	archiveVersion = 1;
	classes = {
	};
	objectVersion = 46;
	objects = {

/* Begin PBXBuildFile section */
		A2CD4A0E1D9A64D80047B7CF /* main.m in Sources */ = {isa = PBXBuildFile; fileRef = A2CD4A0D1D9A64D80047B7CF /* main.m */; };
		A2CD4A111D9A64D90047B7CF /* AppDelegate.m in Sources */ = {isa = PBXBuildFile; fileRef = A2CD4A101D9A64D90047B7CF /* AppDelegate.m */; };
		A2CD4A141D9A64D90047B7CF /* ViewController.m in Sources */ = {isa = PBXBuildFile; fileRef = A2CD4A131D9A64D90047B7CF /* ViewController.m */; };
		A2CD4A171D9A64D90047B7CF /* Main.storyboard in Resources */ = {isa = PBXBuildFile; fileRef = A2CD4A151D9A64D90047B7CF /* Main.storyboard */; };
		A2CD4A191D9A64D90047B7CF /* Assets.xcassets in Resources */ = {isa = PBXBuildFile; fileRef = A2CD4A181D9A64D90047B7CF /* Assets.xcassets */; };
		A2CD4A1C1D9A64D90047B7CF /* LaunchScreen.storyboard in Resources */ = {isa = PBXBuildFile; fileRef = A2CD4A1A1D9A64D90047B7CF /* LaunchScreen.storyboard */; };
		A2CD4A271D9A64D90047B7CF /* RuntimeModelTests.m in Sources */ = {isa = PBXBuildFile; fileRef = A2CD4A261D9A64D90047B7CF /* RuntimeModelTests.m */; };
		A2CD4A321D9A64D90047B7CF /* RuntimeModelUITests.m in Sources */ = {isa = PBXBuildFile; fileRef = A2CD4A311D9A64D90047B7CF /* RuntimeModelUITests.m */; };
/* End PBXBuildFile section */

/* Begin PBXContainerItemProxy section */
		A2CD4A231D9A64D90047B7CF /* PBXContainerItemProxy */ = {
			isa = PBXContainerItemProxy;
			containerPortal = A2CD4A011D9A64D80047B7CF /* Project object */;
			proxyType = 1;
			remoteGlobalIDString = A2CD4A081D9A64D80047B7CF;
			remoteInfo = RuntimeModel;
		};
		A2CD4A2E1D9A64D90047B7CF /* PBXContainerItemProxy */ = {
			isa = PBXContainerItemProxy;
			containerPortal = A2CD4A011D9A64D80047B7CF /* Project object */;
			proxyType = 1;
			remoteGlobalIDString = A2CD4A081D9A64D80047B7CF;
			remoteInfo = RuntimeModel;
		};
/* End PBXContainerItemProxy section */

/* Begin PBXFileReference section */
		A2CD4A091D9A64D80047B7CF /* RuntimeModel.app */ = {isa = PBXFileReference; explicitFileType = wrapper.application; includeInIndex = 0; path = RuntimeModel.app; sourceTree = BUILT_PRODUCTS_DIR; };
		A2CD4A0D1D9A64D80047B7CF /* main.m */ = {isa = PBXFileReference; lastKnownFileType = sourcecode.c.objc; path = main.m; sourceTree = "<group>"; };
		A2CD4A0F1D9A64D80047B7CF /* AppDelegate.h */ = {isa = PBXFileReference; lastKnownFileType = sourcecode.c.h; path = AppDelegate.h; sourceTree = "<group>"; };
		A2CD4A101D9A64D90047B7CF /* AppDelegate.m */ = {isa = PBXFileReference; lastKnownFileType = sourcecode.c.objc; path = AppDelegate.m; sourceTree = "<group>"; };
		A2CD4A121D9A64D90047B7CF /* ViewController.h */ = {isa = PBXFileReference; lastKnownFileType = sourcecode.c.h; path = ViewController.h; sourceTree = "<group>"; };
		A2CD4A131D9A64D90047B7CF /* ViewController.m */ = {isa = PBXFileReference; lastKnownFileType = sourcecode.c.objc; path = ViewController.m; sourceTree = "<group>"; };
		A2CD4A161D9A64D90047B7CF /* Base */ = {isa = PBXFileReference; lastKnownFileType = file.storyboard; name = Base; path = Base.lproj/Main.storyboard; sourceTree = "<group>"; };
		A2CD4A181D9A64D90047B7CF /* Assets.xcassets */ = {isa = PBXFileReference; lastKnownFileType = folder.assetcatalog; path = Assets.xcassets; sourceTree = "<group>"; };
		A2CD4A1B1D9A64D90047B7CF /* Base */ = {isa = PBXFileReference; lastKnownFileType = file.storyboard; name = Base; path = Base.lproj/LaunchScreen.storyboard; sourceTree = "<group>"; };
		A2CD4A1D1D9A64D90047B7CF /* Info.plist */ = {isa = PBXFileReference; lastKnownFileType = text.plist.xml; path = Info.plist; sourceTree = "<group>"; };
		A2CD4A221D9A64D90047B7CF /* RuntimeModelTests.xctest */ = {isa = PBXFileReference; explicitFileType = wrapper.cfbundle; includeInIndex = 0; path = RuntimeModelTests.xctest; sourceTree = BUILT_PRODUCTS_DIR; };
		A2CD4A261D9A64D90047B7CF /* RuntimeModelTests.m */ = {isa = PBXFileReference; lastKnownFileType = sourcecode.c.objc; path = RuntimeModelTests.m; sourceTree = "<group>"; };
		A2CD4A281D9A64D90047B7CF /* Info.plist */ = {isa = PBXFileReference; lastKnownFileType = text.plist.xml; path = Info.plist; sourceTree = "<group>"; };
		A2CD4A2D1D9A64D90047B7CF /* RuntimeModelUITests.xctest */ = {isa = PBXFileReference; explicitFileType = wrapper.cfbundle; includeInIndex = 0; path = RuntimeModelUITests.xctest; sourceTree = BUILT_PRODUCTS_DIR; };
		A2CD4A311D9A64D90047B7CF /* RuntimeModelUITests.m */ = {isa = PBXFileReference; lastKnownFileType = sourcecode.c.objc; path = RuntimeModelUITests.m; sourceTree = "<group>"; };
		A2CD4A331D9A64D90047B7CF /* Info.plist */ = {isa = PBXFileReference; lastKnownFileType = text.plist.xml; path = Info.plist; sourceTree = "<group>"; };
/* End PBXFileReference section */

/* Begin PBXFrameworksBuildPhase section */
		A2CD4A061D9A64D80047B7CF /* Frameworks */ = {
			isa = PBXFrameworksBuildPhase;
			buildActionMask = 2147483647;
			files = (
			);
			runOnlyForDeploymentPostprocessing = 0;
		};
		A2CD4A1F1D9A64D90047B7CF /* Frameworks */ = {
			isa = PBXFrameworksBuildPhase;
			buildActionMask = 2147483647;
			files = (
			);
			runOnlyForDeploymentPostprocessing = 0;
		};
		A2CD4A2A1D9A64D90047B7CF /* Frameworks */ = {
			isa = PBXFrameworksBuildPhase;
			buildActionMask = 2147483647;
			files = (
			);
			runOnlyForDeploymentPostprocessing = 0;
		};
/* End PBXFrameworksBuildPhase section */

/* Begin PBXGroup section */
		A2CD4A001D9A64D80047B7CF = {
			isa = PBXGroup;
			children = (
				A2CD4A0B1D9A64D80047B7CF /* RuntimeModel */,
				A2CD4A251D9A64D90047B7CF /* RuntimeModelTests */,
				A2CD4A301D9A64D90047B7CF /* RuntimeModelUITests */,
				A2CD4A0A1D9A64D80047B7CF /* Products */,
			);
			sourceTree = "<group>";
		};
		A2CD4A0A1D9A64D80047B7CF /* Products */ = {
			isa = PBXGroup;
			children = (
				A2CD4A091D9A64D80047B7CF /* RuntimeModel.app */,
				A2CD4A221D9A64D90047B7CF /* RuntimeModelTests.xctest */,
				A2CD4A2D1D9A64D90047B7CF /* RuntimeModelUITests.xctest */,
			);
			name = Products;
			sourceTree = "<group>";
		};
		A2CD4A0B1D9A64D80047B7CF /* RuntimeModel */ = {
			isa = PBXGroup;
			children = (
				A2CD4A0F1D9A64D80047B7CF /* AppDelegate.h */,
				A2CD4A101D9A64D90047B7CF /* AppDelegate.m */,
				A2CD4A121D9A64D90047B7CF /* ViewController.h */,
				A2CD4A131D9A64D90047B7CF /* ViewController.m */,
				A2CD4A151D9A64D90047B7CF /* Main.storyboard */,
				A2CD4A181D9A64D90047B7CF /* Assets.xcassets */,
				A2CD4A1A1D9A64D90047B7CF /* LaunchScreen.storyboard */,
				A2CD4A1D1D9A64D90047B7CF /* Info.plist */,
				A2CD4A0C1D9A64D80047B7CF /* Supporting Files */,
			);
			path = RuntimeModel;
			sourceTree = "<group>";
		};
		A2CD4A0C1D9A64D80047B7CF /* Supporting Files */ = {
			isa = PBXGroup;
			children = (
				A2CD4A0D1D9A64D80047B7CF /* main.m */,
			);
			name = "Supporting Files";
			sourceTree = "<group>";
		};
		A2CD4A251D9A64D90047B7CF /* RuntimeModelTests */ = {
			isa = PBXGroup;
			children = (
				A2CD4A261D9A64D90047B7CF /* RuntimeModelTests.m */,
				A2CD4A281D9A64D90047B7CF /* Info.plist */,
			);
			path = RuntimeModelTests;
			sourceTree = "<group>";
		};
		A2CD4A301D9A64D90047B7CF /* RuntimeModelUITests */ = {
			isa = PBXGroup;
			children = (
				A2CD4A311D9A64D90047B7CF /* RuntimeModelUITests.m */,
				A2CD4A331D9A64D90047B7CF /* Info.plist */,
			);
			path = RuntimeModelUITests;
			sourceTree = "<group>";
		};
/* End PBXGroup section */

/* Begin PBXNativeTarget section */
		A2CD4A081D9A64D80047B7CF /* RuntimeModel */ = {
			isa = PBXNativeTarget;
			buildConfigurationList = A2CD4A361D9A64D90047B7CF /* Build configuration list for PBXNativeTarget "RuntimeModel" */;
			buildPhases = (
				A2CD4A051D9A64D80047B7CF /* Sources */,
				A2CD4A061D9A64D80047B7CF /* Frameworks */,
				A2CD4A071D9A64D80047B7CF /* Resources */,
			);
			buildRules = (
			);
			dependencies = (
			);
			name = RuntimeModel;
			productName = RuntimeModel;
			productReference = A2CD4A091D9A64D80047B7CF /* RuntimeModel.app */;
			productType = "com.apple.product-type.application";
		};
		A2CD4A211D9A64D90047B7CF /* RuntimeModelTests */ = {
			isa = PBXNativeTarget;
			buildConfigurationList = A2CD4A391D9A64D90047B7CF /* Build configuration list for PBXNativeTarget "RuntimeModelTests" */;
			buildPhases = (
				A2CD4A1E1D9A64D90047B7CF /* Sources */,
				A2CD4A1F1D9A64D90047B7CF /* Frameworks */,
				A2CD4A201D9A64D90047B7CF /* Resources */,
			);
			buildRules = (
			);
			dependencies = (
				A2CD4A241D9A64D90047B7CF /* PBXTargetDependency */,
			);
			name = RuntimeModelTests;
			productName = RuntimeModelTests;
			productReference = A2CD4A221D9A64D90047B7CF /* RuntimeModelTests.xctest */;
			productType = "com.apple.product-type.bundle.unit-test";
		};
		A2CD4A2C1D9A64D90047B7CF /* RuntimeModelUITests */ = {
			isa = PBXNativeTarget;
			buildConfigurationList = A2CD4A3C1D9A64D90047B7CF /* Build configuration list for PBXNativeTarget "RuntimeModelUITests" */;
			buildPhases = (
				A2CD4A291D9A64D90047B7CF /* Sources */,
				A2CD4A2A1D9A64D90047B7CF /* Frameworks */,
				A2CD4A2B1D9A64D90047B7CF /* Resources */,
			);
			buildRules = (
			);
			dependencies = (
				A2CD4A2F1D9A64D90047B7CF /* PBXTargetDependency */,
			);
			name = RuntimeModelUITests;
			productName = RuntimeModelUITests;
			productReference = A2CD4A2D1D9A64D90047B7CF /* RuntimeModelUITests.xctest */;
			productType = "com.apple.product-type.bundle.ui-testing";
		};
/* End PBXNativeTarget section */

/* Begin PBXProject section */
		A2CD4A011D9A64D80047B7CF /* Project object */ = {
			isa = PBXProject;
			attributes = {
				LastUpgradeCheck = 0800;
				ORGANIZATIONNAME = dongjiangpeng;
				TargetAttributes = {
					A2CD4A081D9A64D80047B7CF = {
						CreatedOnToolsVersion = 8.0;
						ProvisioningStyle = Automatic;
					};
					A2CD4A211D9A64D90047B7CF = {
						CreatedOnToolsVersion = 8.0;
						ProvisioningStyle = Automatic;
						TestTargetID = A2CD4A081D9A64D80047B7CF;
					};
					A2CD4A2C1D9A64D90047B7CF = {
						CreatedOnToolsVersion = 8.0;
						ProvisioningStyle = Automatic;
						TestTargetID = A2CD4A081D9A64D80047B7CF;
					};
				};
			};
			buildConfigurationList = A2CD4A041D9A64D80047B7CF /* Build configuration list for PBXProject "RuntimeModel" */;
			compatibilityVersion = "Xcode 3.2";
			developmentRegion = English;
			hasScannedForEncodings = 0;
			knownRegions = (
				en,
				Base,
			);
			mainGroup = A2CD4A001D9A64D80047B7CF;
			productRefGroup = A2CD4A0A1D9A64D80047B7CF /* Products */;
			projectDirPath = "";
			projectRoot = "";
			targets = (
				A2CD4A081D9A64D80047B7CF /* RuntimeModel */,
				A2CD4A211D9A64D90047B7CF /* RuntimeModelTests */,
				A2CD4A2C1D9A64D90047B7CF /* RuntimeModelUITests */,
			);
		};
/* End PBXProject section */

/* Begin PBXResourcesBuildPhase section */
		A2CD4A071D9A64D80047B7CF /* Resources */ = {
			isa = PBXResourcesBuildPhase;
			buildActionMask = 2147483647;
			files = (
				A2CD4A1C1D9A64D90047B7CF /* LaunchScreen.storyboard in Resources */,
				A2CD4A191D9A64D90047B7CF /* Assets.xcassets in Resources */,
				A2CD4A171D9A64D90047B7CF /* Main.storyboard in Resources */,
			);
			runOnlyForDeploymentPostprocessing = 0;
		};
		A2CD4A201D9A64D90047B7CF /* Resources */ = {
			isa = PBXResourcesBuildPhase;
			buildActionMask = 2147483647;
			files = (
			);
			runOnlyForDeploymentPostprocessing = 0;
		};
		A2CD4A2B1D9A64D90047B7CF /* Resources */ = {
			isa = PBXResourcesBuildPhase;
			buildActionMask = 2147483647;
			files = (
			);
			runOnlyForDeploymentPostprocessing = 0;
		};
/* End PBXResourcesBuildPhase section */

/* Begin PBXSourcesBuildPhase section */
		A2CD4A051D9A64D80047B7CF /* Sources */ = {
			isa = PBXSourcesBuildPhase;
			buildActionMask = 2147483647;
			files = (
				A2CD4A141D9A64D90047B7CF /* ViewController.m in Sources */,
				A2CD4A111D9A64D90047B7CF /* AppDelegate.m in Sources */,
				A2CD4A0E1D9A64D80047B7CF /* main.m in Sources */,
			);
			runOnlyForDeploymentPostprocessing = 0;
		};
		A2CD4A1E1D9A64D90047B7CF /* Sources */ = {
			isa = PBXSourcesBuildPhase;
			buildActionMask = 2147483647;
			files = (
				A2CD4A271D9A64D90047B7CF /* RuntimeModelTests.m in Sources */,
			);
			runOnlyForDeploymentPostprocessing = 0;
		};
		A2CD4A291D9A64D90047B7CF /* Sources */ = {
			isa = PBXSourcesBuildPhase;
			buildActionMask = 2147483647;
			files = (
				A2CD4A321D9A64D90047B7CF /* RuntimeModelUITests.m in Sources */,
			);
			runOnlyForDeploymentPostprocessing = 0;
		};
/* End PBXSourcesBuildPhase section */

/* Begin PBXTargetDependency section */
		A2CD4A241D9A64D90047B7CF /* PBXTargetDependency */ = {
			isa = PBXTargetDependency;
			target = A2CD4A081D9A64D80047B7CF /* RuntimeModel */;
			targetProxy = A2CD4A231D9A64D90047B7CF /* PBXContainerItemProxy */;
		};
		A2CD4A2F1D9A64D90047B7CF /* PBXTargetDependency */ = {
			isa = PBXTargetDependency;
			target = A2CD4A081D9A64D80047B7CF /* RuntimeModel */;
			targetProxy = A2CD4A2E1D9A64D90047B7CF /* PBXContainerItemProxy */;
		};
/* End PBXTargetDependency section */

/* Begin PBXVariantGroup section */
		A2CD4A151D9A64D90047B7CF /* Main.storyboard */ = {
			isa = PBXVariantGroup;
			children = (
				A2CD4A161D9A64D90047B7CF /* Base */,
			);
			name = Main.storyboard;
			sourceTree = "<group>";
		};
		A2CD4A1A1D9A64D90047B7CF /* LaunchScreen.storyboard */ = {
			isa = PBXVariantGroup;
			children = (
				A2CD4A1B1D9A64D90047B7CF /* Base */,
			);
			name = LaunchScreen.storyboard;
			sourceTree = "<group>";
		};
/* End PBXVariantGroup section */

/* Begin XCBuildConfiguration section */
		A2CD4A341D9A64D90047B7CF /* Debug */ = {
			isa = XCBuildConfiguration;
			buildSettings = {
				ALWAYS_SEARCH_USER_PATHS = NO;
				CLANG_ANALYZER_NONNULL = YES;
				CLANG_CXX_LANGUAGE_STANDARD = "gnu++0x";
				CLANG_CXX_LIBRARY = "libc++";
				CLANG_ENABLE_MODULES = YES;
				CLANG_ENABLE_OBJC_ARC = YES;
				CLANG_WARN_BOOL_CONVERSION = YES;
				CLANG_WARN_CONSTANT_CONVERSION = YES;
				CLANG_WARN_DIRECT_OBJC_ISA_USAGE = YES_ERROR;
				CLANG_WARN_DOCUMENTATION_COMMENTS = YES;
				CLANG_WARN_EMPTY_BODY = YES;
				CLANG_WARN_ENUM_CONVERSION = YES;
				CLANG_WARN_INFINITE_RECURSION = YES;
				CLANG_WARN_INT_CONVERSION = YES;
				CLANG_WARN_OBJC_ROOT_CLASS = YES_ERROR;
				CLANG_WARN_SUSPICIOUS_MOVES = YES;
				CLANG_WARN_UNREACHABLE_CODE = YES;
				CLANG_WARN__DUPLICATE_METHOD_MATCH = YES;
				"CODE_SIGN_IDENTITY[sdk=iphoneos*]" = "iPhone Developer";
				COPY_PHASE_STRIP = NO;
				DEBUG_INFORMATION_FORMAT = dwarf;
				ENABLE_STRICT_OBJC_MSGSEND = YES;
				ENABLE_TESTABILITY = YES;
				GCC_C_LANGUAGE_STANDARD = gnu99;
				GCC_DYNAMIC_NO_PIC = NO;
				GCC_NO_COMMON_BLOCKS = YES;
				GCC_OPTIMIZATION_LEVEL = 0;
				GCC_PREPROCESSOR_DEFINITIONS = (
					"DEBUG=1",
					"$(inherited)",
				);
				GCC_WARN_64_TO_32_BIT_CONVERSION = YES;
				GCC_WARN_ABOUT_RETURN_TYPE = YES_ERROR;
				GCC_WARN_UNDECLARED_SELECTOR = YES;
				GCC_WARN_UNINITIALIZED_AUTOS = YES_AGGRESSIVE;
				GCC_WARN_UNUSED_FUNCTION = YES;
				GCC_WARN_UNUSED_VARIABLE = YES;
				IPHONEOS_DEPLOYMENT_TARGET = 10.0;
				MTL_ENABLE_DEBUG_INFO = YES;
				ONLY_ACTIVE_ARCH = YES;
				SDKROOT = iphoneos;
				TARGETED_DEVICE_FAMILY = "1,2";
			};
			name = Debug;
		};
		A2CD4A351D9A64D90047B7CF /* Release */ = {
			isa = XCBuildConfiguration;
			buildSettings = {
				ALWAYS_SEARCH_USER_PATHS = NO;
				CLANG_ANALYZER_NONNULL = YES;
				CLANG_CXX_LANGUAGE_STANDARD = "gnu++0x";
				CLANG_CXX_LIBRARY = "libc++";
				CLANG_ENABLE_MODULES = YES;
				CLANG_ENABLE_OBJC_ARC = YES;
				CLANG_WARN_BOOL_CONVERSION = YES;
				CLANG_WARN_CONSTANT_CONVERSION = YES;
				CLANG_WARN_DIRECT_OBJC_ISA_USAGE = YES_ERROR;
				CLANG_WARN_DOCUMENTATION_COMMENTS = YES;
				CLANG_WARN_EMPTY_BODY = YES;
				CLANG_WARN_ENUM_CONVERSION = YES;
				CLANG_WARN_INFINITE_RECURSION = YES;
				CLANG_WARN_INT_CONVERSION = YES;
				CLANG_WARN_OBJC_ROOT_CLASS = YES_ERROR;
				CLANG_WARN_SUSPICIOUS_MOVES = YES;
				CLANG_WARN_UNREACHABLE_CODE = YES;
				CLANG_WARN__DUPLICATE_METHOD_MATCH = YES;
				"CODE_SIGN_IDENTITY[sdk=iphoneos*]" = "iPhone Developer";
				COPY_PHASE_STRIP = NO;
				DEBUG_INFORMATION_FORMAT = "dwarf-with-dsym";
				ENABLE_NS_ASSERTIONS = NO;
				ENABLE_STRICT_OBJC_MSGSEND = YES;
				GCC_C_LANGUAGE_STANDARD = gnu99;
				GCC_NO_COMMON_BLOCKS = YES;
				GCC_WARN_64_TO_32_BIT_CONVERSION = YES;
				GCC_WARN_ABOUT_RETURN_TYPE = YES_ERROR;
				GCC_WARN_UNDECLARED_SELECTOR = YES;
				GCC_WARN_UNINITIALIZED_AUTOS = YES_AGGRESSIVE;
				GCC_WARN_UNUSED_FUNCTION = YES;
				GCC_WARN_UNUSED_VARIABLE = YES;
				IPHONEOS_DEPLOYMENT_TARGET = 10.0;
				MTL_ENABLE_DEBUG_INFO = NO;
				SDKROOT = iphoneos;
				TARGETED_DEVICE_FAMILY = "1,2";
				VALIDATE_PRODUCT = YES;
			};
			name = Release;
		};
		A2CD4A371D9A64D90047B7CF /* Debug */ = {
			isa = XCBuildConfiguration;
			buildSettings = {
				ASSETCATALOG_COMPILER_APPICON_NAME = AppIcon;
				INFOPLIST_FILE = RuntimeModel/Info.plist;
				LD_RUNPATH_SEARCH_PATHS = "$(inherited) @executable_path/Frameworks";
				PRODUCT_BUNDLE_IDENTIFIER = com.dong.RuntimeModel;
				PRODUCT_NAME = "$(TARGET_NAME)";
			};
			name = Debug;
		};
		A2CD4A381D9A64D90047B7CF /* Release */ = {
			isa = XCBuildConfiguration;
			buildSettings = {
				ASSETCATALOG_COMPILER_APPICON_NAME = AppIcon;
				INFOPLIST_FILE = RuntimeModel/Info.plist;
				LD_RUNPATH_SEARCH_PATHS = "$(inherited) @executable_path/Frameworks";
				PRODUCT_BUNDLE_IDENTIFIER = com.dong.RuntimeModel;
				PRODUCT_NAME = "$(TARGET_NAME)";
			};
			name = Release;
		};
		A2CD4A3A1D9A64D90047B7CF /* Debug */ = {
			isa = XCBuildConfiguration;
			buildSettings = {
				BUNDLE_LOADER = "$(TEST_HOST)";
				INFOPLIST_FILE = RuntimeModelTests/Info.plist;
				LD_RUNPATH_SEARCH_PATHS = "$(inherited) @executable_path/Frameworks @loader_path/Frameworks";
				PRODUCT_BUNDLE_IDENTIFIER = com.dong.RuntimeModelTests;
				PRODUCT_NAME = "$(TARGET_NAME)";
				TEST_HOST = "$(BUILT_PRODUCTS_DIR)/RuntimeModel.app/RuntimeModel";
			};
			name = Debug;
		};
		A2CD4A3B1D9A64D90047B7CF /* Release */ = {
			isa = XCBuildConfiguration;
			buildSettings = {
				BUNDLE_LOADER = "$(TEST_HOST)";
				INFOPLIST_FILE = RuntimeModelTests/Info.plist;
				LD_RUNPATH_SEARCH_PATHS = "$(inherited) @executable_path/Frameworks @loader_path/Frameworks";
				PRODUCT_BUNDLE_IDENTIFIER = com.dong.RuntimeModelTests;
				PRODUCT_NAME = "$(TARGET_NAME)";
				TEST_HOST = "$(BUILT_PRODUCTS_DIR)/RuntimeModel.app/RuntimeModel";
			};
			name = Release;
		};
		A2CD4A3D1D9A64D90047B7CF /* Debug */ = {
			isa = XCBuildConfiguration;
			buildSettings = {
				INFOPLIST_FILE = RuntimeModelUITests/Info.plist;
				LD_RUNPATH_SEARCH_PATHS = "$(inherited) @executable_path/Frameworks @loader_path/Frameworks";
				PRODUCT_BUNDLE_IDENTIFIER = com.dong.RuntimeModelUITests;
				PRODUCT_NAME = "$(TARGET_NAME)";
				TEST_TARGET_NAME = RuntimeModel;
			};
			name = Debug;
		};
		A2CD4A3E1D9A64D90047B7CF /* Release */ = {
			isa = XCBuildConfiguration;
			buildSettings = {
				INFOPLIST_FILE = RuntimeModelUITests/Info.plist;
				LD_RUNPATH_SEARCH_PATHS = "$(inherited) @executable_path/Frameworks @loader_path/Frameworks";
				PRODUCT_BUNDLE_IDENTIFIER = com.dong.RuntimeModelUITests;
				PRODUCT_NAME = "$(TARGET_NAME)";
				TEST_TARGET_NAME = RuntimeModel;
			};
			name = Release;
		};
/* End XCBuildConfiguration section */

/* Begin XCConfigurationList section */
		A2CD4A041D9A64D80047B7CF /* Build configuration list for PBXProject "RuntimeModel" */ = {
			isa = XCConfigurationList;
			buildConfigurations = (
				A2CD4A341D9A64D90047B7CF /* Debug */,
				A2CD4A351D9A64D90047B7CF /* Release */,
			);
			defaultConfigurationIsVisible = 0;
			defaultConfigurationName = Release;
		};
		A2CD4A361D9A64D90047B7CF /* Build configuration list for PBXNativeTarget "RuntimeModel" */ = {
			isa = XCConfigurationList;
			buildConfigurations = (
				A2CD4A371D9A64D90047B7CF /* Debug */,
				A2CD4A381D9A64D90047B7CF /* Release */,
			);
			defaultConfigurationIsVisible = 0;
		};
		A2CD4A391D9A64D90047B7CF /* Build configuration list for PBXNativeTarget "RuntimeModelTests" */ = {
			isa = XCConfigurationList;
			buildConfigurations = (
				A2CD4A3A1D9A64D90047B7CF /* Debug */,
				A2CD4A3B1D9A64D90047B7CF /* Release */,
			);
			defaultConfigurationIsVisible = 0;
		};
		A2CD4A3C1D9A64D90047B7CF /* Build configuration list for PBXNativeTarget "RuntimeModelUITests" */ = {
			isa = XCConfigurationList;
			buildConfigurations = (
				A2CD4A3D1D9A64D90047B7CF /* Debug */,
				A2CD4A3E1D9A64D90047B7CF /* Release */,
			);
			defaultConfigurationIsVisible = 0;
		};
/* End XCConfigurationList section */
	};
	rootObject = A2CD4A011D9A64D80047B7CF /* Project object */;
}
